
Microsoft Visual Studio Solution File, Format Version 12.00
# Visual Studio 15
VisualStudioVersion = 15.0.28307.489
MinimumVisualStudioVersion = 10.0.40219.1
Project("{FAE04EC0-301F-11D3-BF4B-00C04F79EFBC}") = "ArticleCms.Web", "src\ArticleCms.Web\ArticleCms.Web.csproj", "{0D60AF96-89A5-42EF-819E-9FCE27859F07}"
EndProject
Global
	GlobalSection(SolutionConfigurationPlatforms) = preSolution
		Debug|Any CPU = Debug|Any CPU
		Release|Any CPU = Release|Any CPU
	EndGlobalSection
	GlobalSection(ProjectConfigurationPlatforms) = postSolution
		{0D60AF96-89A5-42EF-819E-9FCE27859F07}.Debug|Any CPU.ActiveCfg = Debug|Any CPU
		{0D60AF96-89A5-42EF-819E-9FCE27859F07}.Debug|Any CPU.Build.0 = Debug|Any CPU
		{0D60AF96-89A5-42EF-819E-9FCE27859F07}.Release|Any CPU.ActiveCfg = Release|Any CPU
		{0D60AF96-89A5-42EF-819E-9FCE27859F07}.Release|Any CPU.Build.0 = Release|Any CPU
	EndGlobalSection
	GlobalSection(SolutionProperties) = preSolution
		HideSolutionNode = FALSE
	EndGlobalSection
	GlobalSection(ExtensibilityGlobals) = postSolution
		SolutionGuid = {D6A04F8A-BB84-4C5C-8806-E7B524CCA5FB}
	EndGlobalSection
EndGlobal
