
Microsoft Visual Studio Solution File, Format Version 12.00
# Visual Studio 15
VisualStudioVersion = 15.0.28307.489
MinimumVisualStudioVersion = 10.0.40219.1
Project("{9A19103F-16F7-4668-BE54-9A1E7A4F7556}") = "Tangerine.Web", "src\Tangerine.Web\Tangerine.Web.csproj", "{0D60AF96-89A5-42EF-819E-9FCE27859F07}"
EndProject
Project("{FAE04EC0-301F-11D3-BF4B-00C04F79EFBC}") = "Tangerine.Core", "src\Tangerine.Core\Tangerine.Core.csproj", "{BAA74E6A-40E4-4758-8919-411307B72867}"
EndProject
Project("{FAE04EC0-301F-11D3-BF4B-00C04F79EFBC}") = "Tangerine.Data", "src\Tangerine.Data\Tangerine.Data.csproj", "{15A0E058-6DA2-4AC9-AC0C-37ADF2155C54}"
EndProject
Global
	GlobalSection(SolutionConfigurationPlatforms) = preSolution
		Debug|Any CPU = Debug|Any CPU
		Release|Any CPU = Release|Any CPU
	EndGlobalSection
	GlobalSection(ProjectConfigurationPlatforms) = postSolution
		{0D60AF96-89A5-42EF-819E-9FCE27859F07}.Debug|Any CPU.ActiveCfg = Debug|Any CPU
		{0D60AF96-89A5-42EF-819E-9FCE27859F07}.Debug|Any CPU.Build.0 = Debug|Any CPU
		{0D60AF96-89A5-42EF-819E-9FCE27859F07}.Release|Any CPU.ActiveCfg = Release|Any CPU
		{0D60AF96-89A5-42EF-819E-9FCE27859F07}.Release|Any CPU.Build.0 = Release|Any CPU
		{BAA74E6A-40E4-4758-8919-411307B72867}.Debug|Any CPU.ActiveCfg = Debug|Any CPU
		{BAA74E6A-40E4-4758-8919-411307B72867}.Debug|Any CPU.Build.0 = Debug|Any CPU
		{BAA74E6A-40E4-4758-8919-411307B72867}.Release|Any CPU.ActiveCfg = Release|Any CPU
		{BAA74E6A-40E4-4758-8919-411307B72867}.Release|Any CPU.Build.0 = Release|Any CPU
		{15A0E058-6DA2-4AC9-AC0C-37ADF2155C54}.Debug|Any CPU.ActiveCfg = Debug|Any CPU
		{15A0E058-6DA2-4AC9-AC0C-37ADF2155C54}.Debug|Any CPU.Build.0 = Debug|Any CPU
		{15A0E058-6DA2-4AC9-AC0C-37ADF2155C54}.Release|Any CPU.ActiveCfg = Release|Any CPU
		{15A0E058-6DA2-4AC9-AC0C-37ADF2155C54}.Release|Any CPU.Build.0 = Release|Any CPU
	EndGlobalSection
	GlobalSection(SolutionProperties) = preSolution
		HideSolutionNode = FALSE
	EndGlobalSection
	GlobalSection(ExtensibilityGlobals) = postSolution
		SolutionGuid = {D6A04F8A-BB84-4C5C-8806-E7B524CCA5FB}
	EndGlobalSection
EndGlobal
